
Microsoft Visual Studio Solution File, Format Version 12.00
# Visual Studio Version 17
VisualStudioVersion = 17.9.34622.214
MinimumVisualStudioVersion = 10.0.40219.1
Project("{FAE04EC0-301F-11D3-BF4B-00C04F79EFBC}") = "Ass1", "Ass1\Ass1.csproj", "{31D7672B-3994-4EE5-92FB-56BDAD683952}"
EndProject
Global
	GlobalSection(SolutionConfigurationPlatforms) = preSolution
		Debug|Any CPU = Debug|Any CPU
		Release|Any CPU = Release|Any CPU
	EndGlobalSection
	GlobalSection(ProjectConfigurationPlatforms) = postSolution
		{31D7672B-3994-4EE5-92FB-56BDAD683952}.Debug|Any CPU.ActiveCfg = Debug|Any CPU
		{31D7672B-3994-4EE5-92FB-56BDAD683952}.Debug|Any CPU.Build.0 = Debug|Any CPU
		{31D7672B-3994-4EE5-92FB-56BDAD683952}.Release|Any CPU.ActiveCfg = Release|Any CPU
		{31D7672B-3994-4EE5-92FB-56BDAD683952}.Release|Any CPU.Build.0 = Release|Any CPU
	EndGlobalSection
	GlobalSection(SolutionProperties) = preSolution
		HideSolutionNode = FALSE
	EndGlobalSection
	GlobalSection(ExtensibilityGlobals) = postSolution
		SolutionGuid = {A273141A-473D-4FE9-A23A-EA2436CD6113}
	EndGlobalSection
EndGlobal
